
Microsoft Visual Studio Solution File, Format Version 12.00
# Visual Studio 15
VisualStudioVersion = 15.0.28307.902
MinimumVisualStudioVersion = 10.0.40219.1
Project("{8BC9CEB8-8B4A-11D0-8D11-00A0C91BC942}") = "SDKMessageExample", "SDKMessageExample\SDKMessageExample.vcxproj", "{34FB644A-9C00-4036-ABB5-3FE8400356A3}"
EndProject
Global
	GlobalSection(SolutionConfigurationPlatforms) = preSolution
		Debug|x86 = Debug|x86
	EndGlobalSection
	GlobalSection(ProjectConfigurationPlatforms) = postSolution
		{34FB644A-9C00-4036-ABB5-3FE8400356A3}.Debug|x86.ActiveCfg = Debug|Win32
		{34FB644A-9C00-4036-ABB5-3FE8400356A3}.Debug|x86.Build.0 = Debug|Win32
	EndGlobalSection
	GlobalSection(SolutionProperties) = preSolution
		HideSolutionNode = FALSE
	EndGlobalSection
	GlobalSection(ExtensibilityGlobals) = postSolution
		SolutionGuid = {680260B8-8CC7-4731-9B31-1BD0527F68DB}
	EndGlobalSection
EndGlobal
